
Microsoft Visual Studio Solution File, Format Version 12.00
# Visual Studio Version 16
VisualStudioVersion = 16.0.30330.147
MinimumVisualStudioVersion = 10.0.40219.1
Project("{FAE04EC0-301F-11D3-BF4B-00C04F79EFBC}") = "01_Intro", "01_Intro\01_Intro.csproj", "{52B27031-73BF-4535-9D6A-AC29E415413A}"
EndProject
Project("{FAE04EC0-301F-11D3-BF4B-00C04F79EFBC}") = "02_ConnectToRemote", "02_ConnectToRemote\02_ConnectToRemote.csproj", "{619D20ED-184B-4EEE-A4DB-7FDE8497FA8D}"
EndProject
Project("{FAE04EC0-301F-11D3-BF4B-00C04F79EFBC}") = "03_params", "03_params\03_params.csproj", "{435FE335-CD84-4F2B-A648-FC693D87FEAE}"
EndProject
Project("{FAE04EC0-301F-11D3-BF4B-00C04F79EFBC}") = "task 01", "task 01\task 01.csproj", "{369DAEE4-4A54-4736-9E46-38E78DED5E16}"
EndProject
Project("{FAE04EC0-301F-11D3-BF4B-00C04F79EFBC}") = "04_StoredProcedures", "04_StoredProcedures\04_StoredProcedures.csproj", "{98CDC047-F166-481C-BD8F-2D85669BF20B}"
EndProject
Project("{FAE04EC0-301F-11D3-BF4B-00C04F79EFBC}") = "05_Transaction", "05_Transaction\05_Transaction.csproj", "{D70D30A0-0927-4401-96DD-5B31C671257A}"
EndProject
Project("{FAE04EC0-301F-11D3-BF4B-00C04F79EFBC}") = "07_ProviderFactory", "07_ProviderFactory\07_ProviderFactory.csproj", "{54DB0260-CD13-45FF-8170-D09F62166F16}"
EndProject
Global
	GlobalSection(SolutionConfigurationPlatforms) = preSolution
		Debug|Any CPU = Debug|Any CPU
		Release|Any CPU = Release|Any CPU
	EndGlobalSection
	GlobalSection(ProjectConfigurationPlatforms) = postSolution
		{52B27031-73BF-4535-9D6A-AC29E415413A}.Debug|Any CPU.ActiveCfg = Debug|Any CPU
		{52B27031-73BF-4535-9D6A-AC29E415413A}.Debug|Any CPU.Build.0 = Debug|Any CPU
		{52B27031-73BF-4535-9D6A-AC29E415413A}.Release|Any CPU.ActiveCfg = Release|Any CPU
		{52B27031-73BF-4535-9D6A-AC29E415413A}.Release|Any CPU.Build.0 = Release|Any CPU
		{619D20ED-184B-4EEE-A4DB-7FDE8497FA8D}.Debug|Any CPU.ActiveCfg = Debug|Any CPU
		{619D20ED-184B-4EEE-A4DB-7FDE8497FA8D}.Debug|Any CPU.Build.0 = Debug|Any CPU
		{619D20ED-184B-4EEE-A4DB-7FDE8497FA8D}.Release|Any CPU.ActiveCfg = Release|Any CPU
		{619D20ED-184B-4EEE-A4DB-7FDE8497FA8D}.Release|Any CPU.Build.0 = Release|Any CPU
		{435FE335-CD84-4F2B-A648-FC693D87FEAE}.Debug|Any CPU.ActiveCfg = Debug|Any CPU
		{435FE335-CD84-4F2B-A648-FC693D87FEAE}.Debug|Any CPU.Build.0 = Debug|Any CPU
		{435FE335-CD84-4F2B-A648-FC693D87FEAE}.Release|Any CPU.ActiveCfg = Release|Any CPU
		{435FE335-CD84-4F2B-A648-FC693D87FEAE}.Release|Any CPU.Build.0 = Release|Any CPU
		{369DAEE4-4A54-4736-9E46-38E78DED5E16}.Debug|Any CPU.ActiveCfg = Debug|Any CPU
		{369DAEE4-4A54-4736-9E46-38E78DED5E16}.Debug|Any CPU.Build.0 = Debug|Any CPU
		{369DAEE4-4A54-4736-9E46-38E78DED5E16}.Release|Any CPU.ActiveCfg = Release|Any CPU
		{369DAEE4-4A54-4736-9E46-38E78DED5E16}.Release|Any CPU.Build.0 = Release|Any CPU
		{98CDC047-F166-481C-BD8F-2D85669BF20B}.Debug|Any CPU.ActiveCfg = Debug|Any CPU
		{98CDC047-F166-481C-BD8F-2D85669BF20B}.Debug|Any CPU.Build.0 = Debug|Any CPU
		{98CDC047-F166-481C-BD8F-2D85669BF20B}.Release|Any CPU.ActiveCfg = Release|Any CPU
		{98CDC047-F166-481C-BD8F-2D85669BF20B}.Release|Any CPU.Build.0 = Release|Any CPU
		{D70D30A0-0927-4401-96DD-5B31C671257A}.Debug|Any CPU.ActiveCfg = Debug|Any CPU
		{D70D30A0-0927-4401-96DD-5B31C671257A}.Debug|Any CPU.Build.0 = Debug|Any CPU
		{D70D30A0-0927-4401-96DD-5B31C671257A}.Release|Any CPU.ActiveCfg = Release|Any CPU
		{D70D30A0-0927-4401-96DD-5B31C671257A}.Release|Any CPU.Build.0 = Release|Any CPU
		{54DB0260-CD13-45FF-8170-D09F62166F16}.Debug|Any CPU.ActiveCfg = Debug|Any CPU
		{54DB0260-CD13-45FF-8170-D09F62166F16}.Debug|Any CPU.Build.0 = Debug|Any CPU
		{54DB0260-CD13-45FF-8170-D09F62166F16}.Release|Any CPU.ActiveCfg = Release|Any CPU
		{54DB0260-CD13-45FF-8170-D09F62166F16}.Release|Any CPU.Build.0 = Release|Any CPU
	EndGlobalSection
	GlobalSection(SolutionProperties) = preSolution
		HideSolutionNode = FALSE
	EndGlobalSection
	GlobalSection(ExtensibilityGlobals) = postSolution
		SolutionGuid = {8247093A-6553-45D8-A944-CFBF14BD3AEE}
	EndGlobalSection
EndGlobal
