
Microsoft Visual Studio Solution File, Format Version 12.00
# Visual Studio Version 16
VisualStudioVersion = 16.0.30330.147
MinimumVisualStudioVersion = 10.0.40219.1
Project("{FAE04EC0-301F-11D3-BF4B-00C04F79EFBC}") = "01_Intro", "01_Intro\01_Intro.csproj", "{52B27031-73BF-4535-9D6A-AC29E415413A}"
EndProject
Project("{FAE04EC0-301F-11D3-BF4B-00C04F79EFBC}") = "02_ConnectToRemote", "02_ConnectToRemote\02_ConnectToRemote.csproj", "{619D20ED-184B-4EEE-A4DB-7FDE8497FA8D}"
EndProject
Project("{FAE04EC0-301F-11D3-BF4B-00C04F79EFBC}") = "03_params", "03_params\03_params.csproj", "{435FE335-CD84-4F2B-A648-FC693D87FEAE}"
EndProject
Project("{FAE04EC0-301F-11D3-BF4B-00C04F79EFBC}") = "task 01", "task 01\task 01.csproj", "{369DAEE4-4A54-4736-9E46-38E78DED5E16}"
EndProject
Project("{FAE04EC0-301F-11D3-BF4B-00C04F79EFBC}") = "04_StoredProcedures", "04_StoredProcedures\04_StoredProcedures.csproj", "{98CDC047-F166-481C-BD8F-2D85669BF20B}"
EndProject
Project("{FAE04EC0-301F-11D3-BF4B-00C04F79EFBC}") = "05_Transaction", "05_Transaction\05_Transaction.csproj", "{D70D30A0-0927-4401-96DD-5B31C671257A}"
EndProject
Project("{FAE04EC0-301F-11D3-BF4B-00C04F79EFBC}") = "07_ProviderFactory", "07_ProviderFactory\07_ProviderFactory.csproj", "{54DB0260-CD13-45FF-8170-D09F62166F16}"
EndProject
Project("{FAE04EC0-301F-11D3-BF4B-00C04F79EFBC}") = "06_AsyncDelegate", "06_AsyncDelegate\06_AsyncDelegate.csproj", "{BC3B38A8-DA25-415A-B265-1A861E957106}"
EndProject
Project("{FAE04EC0-301F-11D3-BF4B-00C04F79EFBC}") = "08_DataTable", "08_DataTable\08_DataTable.csproj", "{026E4270-0F88-4EF3-AC6B-3E04FF1CF63D}"
EndProject
Project("{FAE04EC0-301F-11D3-BF4B-00C04F79EFBC}") = "09_DataTable", "09_DataTable\09_DataTable.csproj", "{0108FC6E-EB20-43BE-9FA9-96DCD5AF25C1}"
EndProject
Project("{FAE04EC0-301F-11D3-BF4B-00C04F79EFBC}") = "10_DataTableFromDb", "10_DataTableFromDb\10_DataTableFromDb.csproj", "{B3E00F59-EE3C-44A6-8ECB-EC358FF000AC}"
EndProject
Project("{FAE04EC0-301F-11D3-BF4B-00C04F79EFBC}") = "11_DataAdapter", "11_DataAdapter\11_DataAdapter.csproj", "{0FD43CE9-8F83-4F4F-B89A-E23055EF992A}"
EndProject
Project("{FAE04EC0-301F-11D3-BF4B-00C04F79EFBC}") = "12_DataAdapterWF", "12_DataAdapterWF\12_DataAdapterWF.csproj", "{22639495-81A4-4BFA-863A-1817F03F01E0}"
EndProject
Project("{FAE04EC0-301F-11D3-BF4B-00C04F79EFBC}") = "12_EF", "12_EF\12_EF.csproj", "{D960186D-B25C-4837-89E3-4131C0A7B542}"
EndProject
Project("{FAE04EC0-301F-11D3-BF4B-00C04F79EFBC}") = "14_ModelFirst", "14_ModelFirst\14_ModelFirst.csproj", "{B508C6FF-E16B-44BD-A845-5ED4D2D9C170}"
EndProject
Project("{FAE04EC0-301F-11D3-BF4B-00C04F79EFBC}") = "15_CodeFirst", "15_CodeFirst\15_CodeFirst.csproj", "{001C5E44-4EC2-4D34-B7E0-1AA1248EA132}"
EndProject
Project("{FAE04EC0-301F-11D3-BF4B-00C04F79EFBC}") = "16_Initializer", "16_Initializer\16_Initializer.csproj", "{4FB9A2C4-F289-4345-8E70-CAFDD5F21648}"
EndProject
Project("{2150E333-8FDC-42A3-9474-1A3956D46DE8}") = "3layer", "3layer", "{0652AD00-B03D-4FDF-AE84-19C5FDD55460}"
EndProject
Project("{FAE04EC0-301F-11D3-BF4B-00C04F79EFBC}") = "BookLibrary.DAL", "BookLibrary.DAL\BookLibrary.DAL.csproj", "{34638DF8-4F07-4F4B-A5A8-F55723379CFF}"
EndProject
Project("{FAE04EC0-301F-11D3-BF4B-00C04F79EFBC}") = "BookLibrary.BLL", "BookLibrary.BLL\BookLibrary.BLL.csproj", "{939D9E1D-9439-4857-B6D9-689B1538966D}"
EndProject
Project("{FAE04EC0-301F-11D3-BF4B-00C04F79EFBC}") = "BookLibrary.Client", "BookLibrary.Client\BookLibrary.Client.csproj", "{8615917B-179B-4378-8637-457BCD2476A1}"
EndProject
Global
	GlobalSection(SolutionConfigurationPlatforms) = preSolution
		Debug|Any CPU = Debug|Any CPU
		Release|Any CPU = Release|Any CPU
	EndGlobalSection
	GlobalSection(ProjectConfigurationPlatforms) = postSolution
		{52B27031-73BF-4535-9D6A-AC29E415413A}.Debug|Any CPU.ActiveCfg = Debug|Any CPU
		{52B27031-73BF-4535-9D6A-AC29E415413A}.Debug|Any CPU.Build.0 = Debug|Any CPU
		{52B27031-73BF-4535-9D6A-AC29E415413A}.Release|Any CPU.ActiveCfg = Release|Any CPU
		{52B27031-73BF-4535-9D6A-AC29E415413A}.Release|Any CPU.Build.0 = Release|Any CPU
		{619D20ED-184B-4EEE-A4DB-7FDE8497FA8D}.Debug|Any CPU.ActiveCfg = Debug|Any CPU
		{619D20ED-184B-4EEE-A4DB-7FDE8497FA8D}.Debug|Any CPU.Build.0 = Debug|Any CPU
		{619D20ED-184B-4EEE-A4DB-7FDE8497FA8D}.Release|Any CPU.ActiveCfg = Release|Any CPU
		{619D20ED-184B-4EEE-A4DB-7FDE8497FA8D}.Release|Any CPU.Build.0 = Release|Any CPU
		{435FE335-CD84-4F2B-A648-FC693D87FEAE}.Debug|Any CPU.ActiveCfg = Debug|Any CPU
		{435FE335-CD84-4F2B-A648-FC693D87FEAE}.Debug|Any CPU.Build.0 = Debug|Any CPU
		{435FE335-CD84-4F2B-A648-FC693D87FEAE}.Release|Any CPU.ActiveCfg = Release|Any CPU
		{435FE335-CD84-4F2B-A648-FC693D87FEAE}.Release|Any CPU.Build.0 = Release|Any CPU
		{369DAEE4-4A54-4736-9E46-38E78DED5E16}.Debug|Any CPU.ActiveCfg = Debug|Any CPU
		{369DAEE4-4A54-4736-9E46-38E78DED5E16}.Debug|Any CPU.Build.0 = Debug|Any CPU
		{369DAEE4-4A54-4736-9E46-38E78DED5E16}.Release|Any CPU.ActiveCfg = Release|Any CPU
		{369DAEE4-4A54-4736-9E46-38E78DED5E16}.Release|Any CPU.Build.0 = Release|Any CPU
		{98CDC047-F166-481C-BD8F-2D85669BF20B}.Debug|Any CPU.ActiveCfg = Debug|Any CPU
		{98CDC047-F166-481C-BD8F-2D85669BF20B}.Debug|Any CPU.Build.0 = Debug|Any CPU
		{98CDC047-F166-481C-BD8F-2D85669BF20B}.Release|Any CPU.ActiveCfg = Release|Any CPU
		{98CDC047-F166-481C-BD8F-2D85669BF20B}.Release|Any CPU.Build.0 = Release|Any CPU
		{D70D30A0-0927-4401-96DD-5B31C671257A}.Debug|Any CPU.ActiveCfg = Debug|Any CPU
		{D70D30A0-0927-4401-96DD-5B31C671257A}.Debug|Any CPU.Build.0 = Debug|Any CPU
		{D70D30A0-0927-4401-96DD-5B31C671257A}.Release|Any CPU.ActiveCfg = Release|Any CPU
		{D70D30A0-0927-4401-96DD-5B31C671257A}.Release|Any CPU.Build.0 = Release|Any CPU
		{54DB0260-CD13-45FF-8170-D09F62166F16}.Debug|Any CPU.ActiveCfg = Debug|Any CPU
		{54DB0260-CD13-45FF-8170-D09F62166F16}.Debug|Any CPU.Build.0 = Debug|Any CPU
		{54DB0260-CD13-45FF-8170-D09F62166F16}.Release|Any CPU.ActiveCfg = Release|Any CPU
		{54DB0260-CD13-45FF-8170-D09F62166F16}.Release|Any CPU.Build.0 = Release|Any CPU
		{BC3B38A8-DA25-415A-B265-1A861E957106}.Debug|Any CPU.ActiveCfg = Debug|Any CPU
		{BC3B38A8-DA25-415A-B265-1A861E957106}.Debug|Any CPU.Build.0 = Debug|Any CPU
		{BC3B38A8-DA25-415A-B265-1A861E957106}.Release|Any CPU.ActiveCfg = Release|Any CPU
		{BC3B38A8-DA25-415A-B265-1A861E957106}.Release|Any CPU.Build.0 = Release|Any CPU
		{026E4270-0F88-4EF3-AC6B-3E04FF1CF63D}.Debug|Any CPU.ActiveCfg = Debug|Any CPU
		{026E4270-0F88-4EF3-AC6B-3E04FF1CF63D}.Debug|Any CPU.Build.0 = Debug|Any CPU
		{026E4270-0F88-4EF3-AC6B-3E04FF1CF63D}.Release|Any CPU.ActiveCfg = Release|Any CPU
		{026E4270-0F88-4EF3-AC6B-3E04FF1CF63D}.Release|Any CPU.Build.0 = Release|Any CPU
		{0108FC6E-EB20-43BE-9FA9-96DCD5AF25C1}.Debug|Any CPU.ActiveCfg = Debug|Any CPU
		{0108FC6E-EB20-43BE-9FA9-96DCD5AF25C1}.Debug|Any CPU.Build.0 = Debug|Any CPU
		{0108FC6E-EB20-43BE-9FA9-96DCD5AF25C1}.Release|Any CPU.ActiveCfg = Release|Any CPU
		{0108FC6E-EB20-43BE-9FA9-96DCD5AF25C1}.Release|Any CPU.Build.0 = Release|Any CPU
		{B3E00F59-EE3C-44A6-8ECB-EC358FF000AC}.Debug|Any CPU.ActiveCfg = Debug|Any CPU
		{B3E00F59-EE3C-44A6-8ECB-EC358FF000AC}.Debug|Any CPU.Build.0 = Debug|Any CPU
		{B3E00F59-EE3C-44A6-8ECB-EC358FF000AC}.Release|Any CPU.ActiveCfg = Release|Any CPU
		{B3E00F59-EE3C-44A6-8ECB-EC358FF000AC}.Release|Any CPU.Build.0 = Release|Any CPU
		{0FD43CE9-8F83-4F4F-B89A-E23055EF992A}.Debug|Any CPU.ActiveCfg = Debug|Any CPU
		{0FD43CE9-8F83-4F4F-B89A-E23055EF992A}.Debug|Any CPU.Build.0 = Debug|Any CPU
		{0FD43CE9-8F83-4F4F-B89A-E23055EF992A}.Release|Any CPU.ActiveCfg = Release|Any CPU
		{0FD43CE9-8F83-4F4F-B89A-E23055EF992A}.Release|Any CPU.Build.0 = Release|Any CPU
		{22639495-81A4-4BFA-863A-1817F03F01E0}.Debug|Any CPU.ActiveCfg = Debug|Any CPU
		{22639495-81A4-4BFA-863A-1817F03F01E0}.Debug|Any CPU.Build.0 = Debug|Any CPU
		{22639495-81A4-4BFA-863A-1817F03F01E0}.Release|Any CPU.ActiveCfg = Release|Any CPU
		{22639495-81A4-4BFA-863A-1817F03F01E0}.Release|Any CPU.Build.0 = Release|Any CPU
		{D960186D-B25C-4837-89E3-4131C0A7B542}.Debug|Any CPU.ActiveCfg = Debug|Any CPU
		{D960186D-B25C-4837-89E3-4131C0A7B542}.Debug|Any CPU.Build.0 = Debug|Any CPU
		{D960186D-B25C-4837-89E3-4131C0A7B542}.Release|Any CPU.ActiveCfg = Release|Any CPU
		{D960186D-B25C-4837-89E3-4131C0A7B542}.Release|Any CPU.Build.0 = Release|Any CPU
		{B508C6FF-E16B-44BD-A845-5ED4D2D9C170}.Debug|Any CPU.ActiveCfg = Debug|Any CPU
		{B508C6FF-E16B-44BD-A845-5ED4D2D9C170}.Debug|Any CPU.Build.0 = Debug|Any CPU
		{B508C6FF-E16B-44BD-A845-5ED4D2D9C170}.Release|Any CPU.ActiveCfg = Release|Any CPU
		{B508C6FF-E16B-44BD-A845-5ED4D2D9C170}.Release|Any CPU.Build.0 = Release|Any CPU
		{001C5E44-4EC2-4D34-B7E0-1AA1248EA132}.Debug|Any CPU.ActiveCfg = Debug|Any CPU
		{001C5E44-4EC2-4D34-B7E0-1AA1248EA132}.Debug|Any CPU.Build.0 = Debug|Any CPU
		{001C5E44-4EC2-4D34-B7E0-1AA1248EA132}.Release|Any CPU.ActiveCfg = Release|Any CPU
		{001C5E44-4EC2-4D34-B7E0-1AA1248EA132}.Release|Any CPU.Build.0 = Release|Any CPU
		{4FB9A2C4-F289-4345-8E70-CAFDD5F21648}.Debug|Any CPU.ActiveCfg = Debug|Any CPU
		{4FB9A2C4-F289-4345-8E70-CAFDD5F21648}.Debug|Any CPU.Build.0 = Debug|Any CPU
		{4FB9A2C4-F289-4345-8E70-CAFDD5F21648}.Release|Any CPU.ActiveCfg = Release|Any CPU
		{4FB9A2C4-F289-4345-8E70-CAFDD5F21648}.Release|Any CPU.Build.0 = Release|Any CPU
		{34638DF8-4F07-4F4B-A5A8-F55723379CFF}.Debug|Any CPU.ActiveCfg = Debug|Any CPU
		{34638DF8-4F07-4F4B-A5A8-F55723379CFF}.Debug|Any CPU.Build.0 = Debug|Any CPU
		{34638DF8-4F07-4F4B-A5A8-F55723379CFF}.Release|Any CPU.ActiveCfg = Release|Any CPU
		{34638DF8-4F07-4F4B-A5A8-F55723379CFF}.Release|Any CPU.Build.0 = Release|Any CPU
		{939D9E1D-9439-4857-B6D9-689B1538966D}.Debug|Any CPU.ActiveCfg = Debug|Any CPU
		{939D9E1D-9439-4857-B6D9-689B1538966D}.Debug|Any CPU.Build.0 = Debug|Any CPU
		{939D9E1D-9439-4857-B6D9-689B1538966D}.Release|Any CPU.ActiveCfg = Release|Any CPU
		{939D9E1D-9439-4857-B6D9-689B1538966D}.Release|Any CPU.Build.0 = Release|Any CPU
		{8615917B-179B-4378-8637-457BCD2476A1}.Debug|Any CPU.ActiveCfg = Debug|Any CPU
		{8615917B-179B-4378-8637-457BCD2476A1}.Debug|Any CPU.Build.0 = Debug|Any CPU
		{8615917B-179B-4378-8637-457BCD2476A1}.Release|Any CPU.ActiveCfg = Release|Any CPU
		{8615917B-179B-4378-8637-457BCD2476A1}.Release|Any CPU.Build.0 = Release|Any CPU
	EndGlobalSection
	GlobalSection(SolutionProperties) = preSolution
		HideSolutionNode = FALSE
	EndGlobalSection
	GlobalSection(NestedProjects) = preSolution
		{34638DF8-4F07-4F4B-A5A8-F55723379CFF} = {0652AD00-B03D-4FDF-AE84-19C5FDD55460}
		{939D9E1D-9439-4857-B6D9-689B1538966D} = {0652AD00-B03D-4FDF-AE84-19C5FDD55460}
		{8615917B-179B-4378-8637-457BCD2476A1} = {0652AD00-B03D-4FDF-AE84-19C5FDD55460}
	EndGlobalSection
	GlobalSection(ExtensibilityGlobals) = postSolution
		SolutionGuid = {8247093A-6553-45D8-A944-CFBF14BD3AEE}
	EndGlobalSection
EndGlobal
